
Microsoft Visual Studio Solution File, Format Version 12.00
# Visual Studio Version 16
VisualStudioVersion = 16.0.30804.86
MinimumVisualStudioVersion = 10.0.40219.1
Project("{8BC9CEB8-8B4A-11D0-8D11-00A0C91BC942}") = "MathLibrary", "MathLibrary\MathLibrary.vcxproj", "{8C34A373-78AA-40A7-92DF-BBE801F904AA}"
EndProject
Project("{8BC9CEB8-8B4A-11D0-8D11-00A0C91BC942}") = "MathClient", "MathClient\MathClient.vcxproj", "{61E65654-9A08-4178-BD38-44F91078A810}"
EndProject
Global
	GlobalSection(SolutionConfigurationPlatforms) = preSolution
		Debug|x64 = Debug|x64
		Debug|x86 = Debug|x86
		Release|x64 = Release|x64
		Release|x86 = Release|x86
	EndGlobalSection
	GlobalSection(ProjectConfigurationPlatforms) = postSolution
		{8C34A373-78AA-40A7-92DF-BBE801F904AA}.Debug|x64.ActiveCfg = Debug|x64
		{8C34A373-78AA-40A7-92DF-BBE801F904AA}.Debug|x64.Build.0 = Debug|x64
		{8C34A373-78AA-40A7-92DF-BBE801F904AA}.Debug|x86.ActiveCfg = Debug|Win32
		{8C34A373-78AA-40A7-92DF-BBE801F904AA}.Debug|x86.Build.0 = Debug|Win32
		{8C34A373-78AA-40A7-92DF-BBE801F904AA}.Release|x64.ActiveCfg = Release|x64
		{8C34A373-78AA-40A7-92DF-BBE801F904AA}.Release|x64.Build.0 = Release|x64
		{8C34A373-78AA-40A7-92DF-BBE801F904AA}.Release|x86.ActiveCfg = Release|Win32
		{8C34A373-78AA-40A7-92DF-BBE801F904AA}.Release|x86.Build.0 = Release|Win32
		{61E65654-9A08-4178-BD38-44F91078A810}.Debug|x64.ActiveCfg = Debug|x64
		{61E65654-9A08-4178-BD38-44F91078A810}.Debug|x64.Build.0 = Debug|x64
		{61E65654-9A08-4178-BD38-44F91078A810}.Debug|x86.ActiveCfg = Debug|Win32
		{61E65654-9A08-4178-BD38-44F91078A810}.Debug|x86.Build.0 = Debug|Win32
		{61E65654-9A08-4178-BD38-44F91078A810}.Release|x64.ActiveCfg = Release|x64
		{61E65654-9A08-4178-BD38-44F91078A810}.Release|x64.Build.0 = Release|x64
		{61E65654-9A08-4178-BD38-44F91078A810}.Release|x86.ActiveCfg = Release|Win32
		{61E65654-9A08-4178-BD38-44F91078A810}.Release|x86.Build.0 = Release|Win32
	EndGlobalSection
	GlobalSection(SolutionProperties) = preSolution
		HideSolutionNode = FALSE
	EndGlobalSection
	GlobalSection(ExtensibilityGlobals) = postSolution
		SolutionGuid = {1916F7D4-EEB1-4D93-A0FF-B70AE2BBE61E}
	EndGlobalSection
EndGlobal
